{
  "name": "obd-diff",
  "version": "0.1.0",
  "lockfileVersion": 1,
  "requires": true,
  "dependencies": {
    "@types/node": {
      "version": "7.10.11",
      "resolved": "https://registry.npmjs.org/@types/node/-/node-7.10.11.tgz",
      "integrity": "sha512-uEqP1HlJFhsgD8DOBFdC72/5selvor0mzdQY97zlyo8Q6qPl849cFBWkNpgTXw3jIvb7iNyWsId51/A8HYKzbQ==",
      "optional": true
    },
    "bindings": {
      "version": "1.2.1",
      "resolved": "https://registry.npmjs.org/bindings/-/bindings-1.2.1.tgz",
      "integrity": "sha1-FK1hE4EtLTfXLme0ystLtyZQXxE="
    },
    "bluetooth-obd": {
      "version": "0.2.4",
      "resolved": "https://registry.npmjs.org/bluetooth-obd/-/bluetooth-obd-0.2.4.tgz",
      "integrity": "sha1-g3NGiIsw60SPTPd1oTW9uBHgk3Y=",
      "requires": {
        "bluetooth-serial-port": "~2.1.0"
      }
    },
    "bluetooth-serial-port": {
      "version": "2.1.7",
      "resolved": "https://registry.npmjs.org/bluetooth-serial-port/-/bluetooth-serial-port-2.1.7.tgz",
      "integrity": "sha512-66Sz/aB9RNxxdhJusV29xvPmlYeG3pksRXSN6PJ6XYr+hK/1oejKhZz5sd1vKyzrwoUyHtyW6JLXn0iuPfJgew==",
      "requires": {
        "@types/node": "^7.0.10",
        "bindings": "1.2.x",
        "nan": "^2.14.1"
      }
    },
    "dotenv": {
      "version": "8.2.0",
      "resolved": "https://registry.npmjs.org/dotenv/-/dotenv-8.2.0.tgz",
      "integrity": "sha512-8sJ78ElpbDJBHNeBzUbUVLsqKdccaa/BXF1uPTw3GrvQTBgrQrtObr2mUrE38vzYd8cEv+m/JBfDLioYcfXoaw=="
    },
    "nan": {
      "version": "2.14.1",
      "resolved": "https://registry.npmjs.org/nan/-/nan-2.14.1.tgz",
      "integrity": "sha512-isWHgVjnFjh2x2yuJ/tj3JbwoHu3UC2dX5G/88Cm24yB6YopVgxvBObDY7n5xW6ExmFhJpSEQqFPvq9zaXc8Jw=="
    }
  }
}
